
Microsoft Visual Studio Solution File, Format Version 12.00
# Visual Studio 15
VisualStudioVersion = 15.0.28307.572
MinimumVisualStudioVersion = 10.0.40219.1
Project("{FAE04EC0-301F-11D3-BF4B-00C04F79EFBC}") = "Tensorflow_Engine", "Tensorflow_Engine\Tensorflow_Engine.csproj", "{F044D308-0988-4221-B41C-F2BADF7B805A}"
EndProject
Global
	GlobalSection(SolutionConfigurationPlatforms) = preSolution
		Debug|Any CPU = Debug|Any CPU
		Debug|x64 = Debug|x64
		Release|Any CPU = Release|Any CPU
		Release|x64 = Release|x64
	EndGlobalSection
	GlobalSection(ProjectConfigurationPlatforms) = postSolution
		{F044D308-0988-4221-B41C-F2BADF7B805A}.Debug|Any CPU.ActiveCfg = Debug|Any CPU
		{F044D308-0988-4221-B41C-F2BADF7B805A}.Debug|Any CPU.Build.0 = Debug|Any CPU
		{F044D308-0988-4221-B41C-F2BADF7B805A}.Debug|x64.ActiveCfg = Debug|x64
		{F044D308-0988-4221-B41C-F2BADF7B805A}.Debug|x64.Build.0 = Debug|x64
		{F044D308-0988-4221-B41C-F2BADF7B805A}.Release|Any CPU.ActiveCfg = Release|Any CPU
		{F044D308-0988-4221-B41C-F2BADF7B805A}.Release|Any CPU.Build.0 = Release|Any CPU
		{F044D308-0988-4221-B41C-F2BADF7B805A}.Release|x64.ActiveCfg = Release|x64
		{F044D308-0988-4221-B41C-F2BADF7B805A}.Release|x64.Build.0 = Release|x64
	EndGlobalSection
	GlobalSection(SolutionProperties) = preSolution
		HideSolutionNode = FALSE
	EndGlobalSection
	GlobalSection(ExtensibilityGlobals) = postSolution
		SolutionGuid = {69F18508-4E83-4E0C-BC3D-DFCEC2A7934C}
	EndGlobalSection
EndGlobal
